
Microsoft Visual Studio Solution File, Format Version 12.00
# Visual Studio 15
VisualStudioVersion = 15.0.27130.2024
MinimumVisualStudioVersion = 10.0.40219.1
Project("{FAE04EC0-301F-11D3-BF4B-00C04F79EFBC}") = "MvpApi.Uwp", "MvpApi.Uwp\MvpApi.Uwp.csproj", "{FA6C2B8C-C185-4152-ACE1-A65A815A518E}"
EndProject
Project("{9A19103F-16F7-4668-BE54-9A1E7A4F7556}") = "MvpApi.Common", "MvpApi.Common\MvpApi.Common.csproj", "{3159AE84-B479-420C-BA42-E328D4159144}"
EndProject
Project("{FAE04EC0-301F-11D3-BF4B-00C04F79EFBC}") = "MvpApi.UwpBackgroundTasks", "MvpApi.UwpBackgroundTasks\MvpApi.UwpBackgroundTasks.csproj", "{9D7FF5EA-20D9-40E3-9704-E3E7B5E2DC25}"
EndProject
Project("{FAE04EC0-301F-11D3-BF4B-00C04F79EFBC}") = "MvpCompanion.Android", "MvpCompanion\Android\MvpCompanion.Android.csproj", "{506C08F4-458D-4D7E-A976-848BE754EB16}"
EndProject
Project("{FAE04EC0-301F-11D3-BF4B-00C04F79EFBC}") = "MvpCompanion.iOS", "MvpCompanion\iOS\MvpCompanion.iOS.csproj", "{44812084-8C04-4489-909F-669DA044B235}"
EndProject
Project("{FAE04EC0-301F-11D3-BF4B-00C04F79EFBC}") = "MvpCompanion.UWP", "MvpCompanion\UWP\MvpCompanion.UWP.csproj", "{96BF4295-9F76-445A-81ED-0EC4868AC460}"
EndProject
Project("{FAE04EC0-301F-11D3-BF4B-00C04F79EFBC}") = "MvpCompanion.Portable", "MvpCompanion\Portable\MvpCompanion.Portable.csproj", "{5F1F575A-BF0E-4A12-ACD4-5CF4D540D588}"
EndProject
Global
	GlobalSection(SolutionConfigurationPlatforms) = preSolution
		Ad-Hoc|Any CPU = Ad-Hoc|Any CPU
		Ad-Hoc|ARM = Ad-Hoc|ARM
		Ad-Hoc|iPhone = Ad-Hoc|iPhone
		Ad-Hoc|iPhoneSimulator = Ad-Hoc|iPhoneSimulator
		Ad-Hoc|x64 = Ad-Hoc|x64
		Ad-Hoc|x86 = Ad-Hoc|x86
		AppStore|Any CPU = AppStore|Any CPU
		AppStore|ARM = AppStore|ARM
		AppStore|iPhone = AppStore|iPhone
		AppStore|iPhoneSimulator = AppStore|iPhoneSimulator
		AppStore|x64 = AppStore|x64
		AppStore|x86 = AppStore|x86
		Debug|Any CPU = Debug|Any CPU
		Debug|ARM = Debug|ARM
		Debug|iPhone = Debug|iPhone
		Debug|iPhoneSimulator = Debug|iPhoneSimulator
		Debug|x64 = Debug|x64
		Debug|x86 = Debug|x86
		Release|Any CPU = Release|Any CPU
		Release|ARM = Release|ARM
		Release|iPhone = Release|iPhone
		Release|iPhoneSimulator = Release|iPhoneSimulator
		Release|x64 = Release|x64
		Release|x86 = Release|x86
	EndGlobalSection
	GlobalSection(ProjectConfigurationPlatforms) = postSolution
		{FA6C2B8C-C185-4152-ACE1-A65A815A518E}.Ad-Hoc|Any CPU.ActiveCfg = Release|x64
		{FA6C2B8C-C185-4152-ACE1-A65A815A518E}.Ad-Hoc|Any CPU.Build.0 = Release|x64
		{FA6C2B8C-C185-4152-ACE1-A65A815A518E}.Ad-Hoc|Any CPU.Deploy.0 = Release|x64
		{FA6C2B8C-C185-4152-ACE1-A65A815A518E}.Ad-Hoc|ARM.ActiveCfg = Release|ARM
		{FA6C2B8C-C185-4152-ACE1-A65A815A518E}.Ad-Hoc|ARM.Build.0 = Release|ARM
		{FA6C2B8C-C185-4152-ACE1-A65A815A518E}.Ad-Hoc|ARM.Deploy.0 = Release|ARM
		{FA6C2B8C-C185-4152-ACE1-A65A815A518E}.Ad-Hoc|iPhone.ActiveCfg = Release|x64
		{FA6C2B8C-C185-4152-ACE1-A65A815A518E}.Ad-Hoc|iPhone.Build.0 = Release|x64
		{FA6C2B8C-C185-4152-ACE1-A65A815A518E}.Ad-Hoc|iPhone.Deploy.0 = Release|x64
		{FA6C2B8C-C185-4152-ACE1-A65A815A518E}.Ad-Hoc|iPhoneSimulator.ActiveCfg = Release|x64
		{FA6C2B8C-C185-4152-ACE1-A65A815A518E}.Ad-Hoc|iPhoneSimulator.Build.0 = Release|x64
		{FA6C2B8C-C185-4152-ACE1-A65A815A518E}.Ad-Hoc|iPhoneSimulator.Deploy.0 = Release|x64
		{FA6C2B8C-C185-4152-ACE1-A65A815A518E}.Ad-Hoc|x64.ActiveCfg = Release|x64
		{FA6C2B8C-C185-4152-ACE1-A65A815A518E}.Ad-Hoc|x64.Build.0 = Release|x64
		{FA6C2B8C-C185-4152-ACE1-A65A815A518E}.Ad-Hoc|x64.Deploy.0 = Release|x64
		{FA6C2B8C-C185-4152-ACE1-A65A815A518E}.Ad-Hoc|x86.ActiveCfg = Release|x86
		{FA6C2B8C-C185-4152-ACE1-A65A815A518E}.Ad-Hoc|x86.Build.0 = Release|x86
		{FA6C2B8C-C185-4152-ACE1-A65A815A518E}.Ad-Hoc|x86.Deploy.0 = Release|x86
		{FA6C2B8C-C185-4152-ACE1-A65A815A518E}.AppStore|Any CPU.ActiveCfg = Release|x64
		{FA6C2B8C-C185-4152-ACE1-A65A815A518E}.AppStore|Any CPU.Build.0 = Release|x64
		{FA6C2B8C-C185-4152-ACE1-A65A815A518E}.AppStore|Any CPU.Deploy.0 = Release|x64
		{FA6C2B8C-C185-4152-ACE1-A65A815A518E}.AppStore|ARM.ActiveCfg = Release|ARM
		{FA6C2B8C-C185-4152-ACE1-A65A815A518E}.AppStore|ARM.Build.0 = Release|ARM
		{FA6C2B8C-C185-4152-ACE1-A65A815A518E}.AppStore|ARM.Deploy.0 = Release|ARM
		{FA6C2B8C-C185-4152-ACE1-A65A815A518E}.AppStore|iPhone.ActiveCfg = Release|x64
		{FA6C2B8C-C185-4152-ACE1-A65A815A518E}.AppStore|iPhone.Build.0 = Release|x64
		{FA6C2B8C-C185-4152-ACE1-A65A815A518E}.AppStore|iPhone.Deploy.0 = Release|x64
		{FA6C2B8C-C185-4152-ACE1-A65A815A518E}.AppStore|iPhoneSimulator.ActiveCfg = Release|x64
		{FA6C2B8C-C185-4152-ACE1-A65A815A518E}.AppStore|iPhoneSimulator.Build.0 = Release|x64
		{FA6C2B8C-C185-4152-ACE1-A65A815A518E}.AppStore|iPhoneSimulator.Deploy.0 = Release|x64
		{FA6C2B8C-C185-4152-ACE1-A65A815A518E}.AppStore|x64.ActiveCfg = Release|x64
		{FA6C2B8C-C185-4152-ACE1-A65A815A518E}.AppStore|x64.Build.0 = Release|x64
		{FA6C2B8C-C185-4152-ACE1-A65A815A518E}.AppStore|x64.Deploy.0 = Release|x64
		{FA6C2B8C-C185-4152-ACE1-A65A815A518E}.AppStore|x86.ActiveCfg = Release|x86
		{FA6C2B8C-C185-4152-ACE1-A65A815A518E}.AppStore|x86.Build.0 = Release|x86
		{FA6C2B8C-C185-4152-ACE1-A65A815A518E}.AppStore|x86.Deploy.0 = Release|x86
		{FA6C2B8C-C185-4152-ACE1-A65A815A518E}.Debug|Any CPU.ActiveCfg = Debug|x86
		{FA6C2B8C-C185-4152-ACE1-A65A815A518E}.Debug|Any CPU.Build.0 = Debug|x86
		{FA6C2B8C-C185-4152-ACE1-A65A815A518E}.Debug|Any CPU.Deploy.0 = Debug|x86
		{FA6C2B8C-C185-4152-ACE1-A65A815A518E}.Debug|ARM.ActiveCfg = Debug|ARM
		{FA6C2B8C-C185-4152-ACE1-A65A815A518E}.Debug|ARM.Build.0 = Debug|ARM
		{FA6C2B8C-C185-4152-ACE1-A65A815A518E}.Debug|ARM.Deploy.0 = Debug|ARM
		{FA6C2B8C-C185-4152-ACE1-A65A815A518E}.Debug|iPhone.ActiveCfg = Debug|x86
		{FA6C2B8C-C185-4152-ACE1-A65A815A518E}.Debug|iPhoneSimulator.ActiveCfg = Debug|x86
		{FA6C2B8C-C185-4152-ACE1-A65A815A518E}.Debug|x64.ActiveCfg = Debug|x64
		{FA6C2B8C-C185-4152-ACE1-A65A815A518E}.Debug|x64.Build.0 = Debug|x64
		{FA6C2B8C-C185-4152-ACE1-A65A815A518E}.Debug|x64.Deploy.0 = Debug|x64
		{FA6C2B8C-C185-4152-ACE1-A65A815A518E}.Debug|x86.ActiveCfg = Debug|x86
		{FA6C2B8C-C185-4152-ACE1-A65A815A518E}.Debug|x86.Build.0 = Debug|x86
		{FA6C2B8C-C185-4152-ACE1-A65A815A518E}.Debug|x86.Deploy.0 = Debug|x86
		{FA6C2B8C-C185-4152-ACE1-A65A815A518E}.Release|Any CPU.ActiveCfg = Release|x86
		{FA6C2B8C-C185-4152-ACE1-A65A815A518E}.Release|Any CPU.Build.0 = Release|x86
		{FA6C2B8C-C185-4152-ACE1-A65A815A518E}.Release|Any CPU.Deploy.0 = Release|x86
		{FA6C2B8C-C185-4152-ACE1-A65A815A518E}.Release|ARM.ActiveCfg = Release|ARM
		{FA6C2B8C-C185-4152-ACE1-A65A815A518E}.Release|ARM.Build.0 = Release|ARM
		{FA6C2B8C-C185-4152-ACE1-A65A815A518E}.Release|ARM.Deploy.0 = Release|ARM
		{FA6C2B8C-C185-4152-ACE1-A65A815A518E}.Release|iPhone.ActiveCfg = Release|x86
		{FA6C2B8C-C185-4152-ACE1-A65A815A518E}.Release|iPhoneSimulator.ActiveCfg = Release|x86
		{FA6C2B8C-C185-4152-ACE1-A65A815A518E}.Release|x64.ActiveCfg = Release|x64
		{FA6C2B8C-C185-4152-ACE1-A65A815A518E}.Release|x64.Build.0 = Release|x64
		{FA6C2B8C-C185-4152-ACE1-A65A815A518E}.Release|x64.Deploy.0 = Release|x64
		{FA6C2B8C-C185-4152-ACE1-A65A815A518E}.Release|x86.ActiveCfg = Release|x86
		{FA6C2B8C-C185-4152-ACE1-A65A815A518E}.Release|x86.Build.0 = Release|x86
		{FA6C2B8C-C185-4152-ACE1-A65A815A518E}.Release|x86.Deploy.0 = Release|x86
		{3159AE84-B479-420C-BA42-E328D4159144}.Ad-Hoc|Any CPU.ActiveCfg = Debug|Any CPU
		{3159AE84-B479-420C-BA42-E328D4159144}.Ad-Hoc|Any CPU.Build.0 = Debug|Any CPU
		{3159AE84-B479-420C-BA42-E328D4159144}.Ad-Hoc|ARM.ActiveCfg = Debug|Any CPU
		{3159AE84-B479-420C-BA42-E328D4159144}.Ad-Hoc|ARM.Build.0 = Debug|Any CPU
		{3159AE84-B479-420C-BA42-E328D4159144}.Ad-Hoc|iPhone.ActiveCfg = Debug|Any CPU
		{3159AE84-B479-420C-BA42-E328D4159144}.Ad-Hoc|iPhone.Build.0 = Debug|Any CPU
		{3159AE84-B479-420C-BA42-E328D4159144}.Ad-Hoc|iPhoneSimulator.ActiveCfg = Debug|Any CPU
		{3159AE84-B479-420C-BA42-E328D4159144}.Ad-Hoc|iPhoneSimulator.Build.0 = Debug|Any CPU
		{3159AE84-B479-420C-BA42-E328D4159144}.Ad-Hoc|x64.ActiveCfg = Debug|Any CPU
		{3159AE84-B479-420C-BA42-E328D4159144}.Ad-Hoc|x64.Build.0 = Debug|Any CPU
		{3159AE84-B479-420C-BA42-E328D4159144}.Ad-Hoc|x86.ActiveCfg = Debug|Any CPU
		{3159AE84-B479-420C-BA42-E328D4159144}.Ad-Hoc|x86.Build.0 = Debug|Any CPU
		{3159AE84-B479-420C-BA42-E328D4159144}.AppStore|Any CPU.ActiveCfg = Debug|Any CPU
		{3159AE84-B479-420C-BA42-E328D4159144}.AppStore|Any CPU.Build.0 = Debug|Any CPU
		{3159AE84-B479-420C-BA42-E328D4159144}.AppStore|ARM.ActiveCfg = Debug|Any CPU
		{3159AE84-B479-420C-BA42-E328D4159144}.AppStore|ARM.Build.0 = Debug|Any CPU
		{3159AE84-B479-420C-BA42-E328D4159144}.AppStore|iPhone.ActiveCfg = Debug|Any CPU
		{3159AE84-B479-420C-BA42-E328D4159144}.AppStore|iPhone.Build.0 = Debug|Any CPU
		{3159AE84-B479-420C-BA42-E328D4159144}.AppStore|iPhoneSimulator.ActiveCfg = Debug|Any CPU
		{3159AE84-B479-420C-BA42-E328D4159144}.AppStore|iPhoneSimulator.Build.0 = Debug|Any CPU
		{3159AE84-B479-420C-BA42-E328D4159144}.AppStore|x64.ActiveCfg = Debug|Any CPU
		{3159AE84-B479-420C-BA42-E328D4159144}.AppStore|x64.Build.0 = Debug|Any CPU
		{3159AE84-B479-420C-BA42-E328D4159144}.AppStore|x86.ActiveCfg = Debug|Any CPU
		{3159AE84-B479-420C-BA42-E328D4159144}.AppStore|x86.Build.0 = Debug|Any CPU
		{3159AE84-B479-420C-BA42-E328D4159144}.Debug|Any CPU.ActiveCfg = Debug|Any CPU
		{3159AE84-B479-420C-BA42-E328D4159144}.Debug|Any CPU.Build.0 = Debug|Any CPU
		{3159AE84-B479-420C-BA42-E328D4159144}.Debug|ARM.ActiveCfg = Debug|Any CPU
		{3159AE84-B479-420C-BA42-E328D4159144}.Debug|ARM.Build.0 = Debug|Any CPU
		{3159AE84-B479-420C-BA42-E328D4159144}.Debug|iPhone.ActiveCfg = Debug|Any CPU
		{3159AE84-B479-420C-BA42-E328D4159144}.Debug|iPhone.Build.0 = Debug|Any CPU
		{3159AE84-B479-420C-BA42-E328D4159144}.Debug|iPhoneSimulator.ActiveCfg = Debug|Any CPU
		{3159AE84-B479-420C-BA42-E328D4159144}.Debug|iPhoneSimulator.Build.0 = Debug|Any CPU
		{3159AE84-B479-420C-BA42-E328D4159144}.Debug|x64.ActiveCfg = Debug|Any CPU
		{3159AE84-B479-420C-BA42-E328D4159144}.Debug|x64.Build.0 = Debug|Any CPU
		{3159AE84-B479-420C-BA42-E328D4159144}.Debug|x86.ActiveCfg = Debug|Any CPU
		{3159AE84-B479-420C-BA42-E328D4159144}.Debug|x86.Build.0 = Debug|Any CPU
		{3159AE84-B479-420C-BA42-E328D4159144}.Release|Any CPU.ActiveCfg = Release|Any CPU
		{3159AE84-B479-420C-BA42-E328D4159144}.Release|Any CPU.Build.0 = Release|Any CPU
		{3159AE84-B479-420C-BA42-E328D4159144}.Release|ARM.ActiveCfg = Release|Any CPU
		{3159AE84-B479-420C-BA42-E328D4159144}.Release|ARM.Build.0 = Release|Any CPU
		{3159AE84-B479-420C-BA42-E328D4159144}.Release|iPhone.ActiveCfg = Release|Any CPU
		{3159AE84-B479-420C-BA42-E328D4159144}.Release|iPhone.Build.0 = Release|Any CPU
		{3159AE84-B479-420C-BA42-E328D4159144}.Release|iPhoneSimulator.ActiveCfg = Release|Any CPU
		{3159AE84-B479-420C-BA42-E328D4159144}.Release|iPhoneSimulator.Build.0 = Release|Any CPU
		{3159AE84-B479-420C-BA42-E328D4159144}.Release|x64.ActiveCfg = Release|Any CPU
		{3159AE84-B479-420C-BA42-E328D4159144}.Release|x64.Build.0 = Release|Any CPU
		{3159AE84-B479-420C-BA42-E328D4159144}.Release|x86.ActiveCfg = Release|Any CPU
		{3159AE84-B479-420C-BA42-E328D4159144}.Release|x86.Build.0 = Release|Any CPU
		{9D7FF5EA-20D9-40E3-9704-E3E7B5E2DC25}.Ad-Hoc|Any CPU.ActiveCfg = Release|Any CPU
		{9D7FF5EA-20D9-40E3-9704-E3E7B5E2DC25}.Ad-Hoc|Any CPU.Build.0 = Release|Any CPU
		{9D7FF5EA-20D9-40E3-9704-E3E7B5E2DC25}.Ad-Hoc|ARM.ActiveCfg = Release|ARM
		{9D7FF5EA-20D9-40E3-9704-E3E7B5E2DC25}.Ad-Hoc|ARM.Build.0 = Release|ARM
		{9D7FF5EA-20D9-40E3-9704-E3E7B5E2DC25}.Ad-Hoc|iPhone.ActiveCfg = Release|Any CPU
		{9D7FF5EA-20D9-40E3-9704-E3E7B5E2DC25}.Ad-Hoc|iPhone.Build.0 = Release|Any CPU
		{9D7FF5EA-20D9-40E3-9704-E3E7B5E2DC25}.Ad-Hoc|iPhoneSimulator.ActiveCfg = Release|Any CPU
		{9D7FF5EA-20D9-40E3-9704-E3E7B5E2DC25}.Ad-Hoc|iPhoneSimulator.Build.0 = Release|Any CPU
		{9D7FF5EA-20D9-40E3-9704-E3E7B5E2DC25}.Ad-Hoc|x64.ActiveCfg = Release|x64
		{9D7FF5EA-20D9-40E3-9704-E3E7B5E2DC25}.Ad-Hoc|x64.Build.0 = Release|x64
		{9D7FF5EA-20D9-40E3-9704-E3E7B5E2DC25}.Ad-Hoc|x86.ActiveCfg = Release|x86
		{9D7FF5EA-20D9-40E3-9704-E3E7B5E2DC25}.Ad-Hoc|x86.Build.0 = Release|x86
		{9D7FF5EA-20D9-40E3-9704-E3E7B5E2DC25}.AppStore|Any CPU.ActiveCfg = Release|Any CPU
		{9D7FF5EA-20D9-40E3-9704-E3E7B5E2DC25}.AppStore|Any CPU.Build.0 = Release|Any CPU
		{9D7FF5EA-20D9-40E3-9704-E3E7B5E2DC25}.AppStore|ARM.ActiveCfg = Release|ARM
		{9D7FF5EA-20D9-40E3-9704-E3E7B5E2DC25}.AppStore|ARM.Build.0 = Release|ARM
		{9D7FF5EA-20D9-40E3-9704-E3E7B5E2DC25}.AppStore|iPhone.ActiveCfg = Release|Any CPU
		{9D7FF5EA-20D9-40E3-9704-E3E7B5E2DC25}.AppStore|iPhone.Build.0 = Release|Any CPU
		{9D7FF5EA-20D9-40E3-9704-E3E7B5E2DC25}.AppStore|iPhoneSimulator.ActiveCfg = Release|Any CPU
		{9D7FF5EA-20D9-40E3-9704-E3E7B5E2DC25}.AppStore|iPhoneSimulator.Build.0 = Release|Any CPU
		{9D7FF5EA-20D9-40E3-9704-E3E7B5E2DC25}.AppStore|x64.ActiveCfg = Release|x64
		{9D7FF5EA-20D9-40E3-9704-E3E7B5E2DC25}.AppStore|x64.Build.0 = Release|x64
		{9D7FF5EA-20D9-40E3-9704-E3E7B5E2DC25}.AppStore|x86.ActiveCfg = Release|x86
		{9D7FF5EA-20D9-40E3-9704-E3E7B5E2DC25}.AppStore|x86.Build.0 = Release|x86
		{9D7FF5EA-20D9-40E3-9704-E3E7B5E2DC25}.Debug|Any CPU.ActiveCfg = Debug|Any CPU
		{9D7FF5EA-20D9-40E3-9704-E3E7B5E2DC25}.Debug|Any CPU.Build.0 = Debug|Any CPU
		{9D7FF5EA-20D9-40E3-9704-E3E7B5E2DC25}.Debug|ARM.ActiveCfg = Debug|ARM
		{9D7FF5EA-20D9-40E3-9704-E3E7B5E2DC25}.Debug|ARM.Build.0 = Debug|ARM
		{9D7FF5EA-20D9-40E3-9704-E3E7B5E2DC25}.Debug|iPhone.ActiveCfg = Debug|Any CPU
		{9D7FF5EA-20D9-40E3-9704-E3E7B5E2DC25}.Debug|iPhone.Build.0 = Debug|Any CPU
		{9D7FF5EA-20D9-40E3-9704-E3E7B5E2DC25}.Debug|iPhoneSimulator.ActiveCfg = Debug|Any CPU
		{9D7FF5EA-20D9-40E3-9704-E3E7B5E2DC25}.Debug|iPhoneSimulator.Build.0 = Debug|Any CPU
		{9D7FF5EA-20D9-40E3-9704-E3E7B5E2DC25}.Debug|x64.ActiveCfg = Debug|x64
		{9D7FF5EA-20D9-40E3-9704-E3E7B5E2DC25}.Debug|x64.Build.0 = Debug|x64
		{9D7FF5EA-20D9-40E3-9704-E3E7B5E2DC25}.Debug|x86.ActiveCfg = Debug|x86
		{9D7FF5EA-20D9-40E3-9704-E3E7B5E2DC25}.Debug|x86.Build.0 = Debug|x86
		{9D7FF5EA-20D9-40E3-9704-E3E7B5E2DC25}.Release|Any CPU.ActiveCfg = Release|Any CPU
		{9D7FF5EA-20D9-40E3-9704-E3E7B5E2DC25}.Release|Any CPU.Build.0 = Release|Any CPU
		{9D7FF5EA-20D9-40E3-9704-E3E7B5E2DC25}.Release|ARM.ActiveCfg = Release|ARM
		{9D7FF5EA-20D9-40E3-9704-E3E7B5E2DC25}.Release|ARM.Build.0 = Release|ARM
		{9D7FF5EA-20D9-40E3-9704-E3E7B5E2DC25}.Release|iPhone.ActiveCfg = Release|Any CPU
		{9D7FF5EA-20D9-40E3-9704-E3E7B5E2DC25}.Release|iPhone.Build.0 = Release|Any CPU
		{9D7FF5EA-20D9-40E3-9704-E3E7B5E2DC25}.Release|iPhoneSimulator.ActiveCfg = Release|Any CPU
		{9D7FF5EA-20D9-40E3-9704-E3E7B5E2DC25}.Release|iPhoneSimulator.Build.0 = Release|Any CPU
		{9D7FF5EA-20D9-40E3-9704-E3E7B5E2DC25}.Release|x64.ActiveCfg = Release|x64
		{9D7FF5EA-20D9-40E3-9704-E3E7B5E2DC25}.Release|x64.Build.0 = Release|x64
		{9D7FF5EA-20D9-40E3-9704-E3E7B5E2DC25}.Release|x86.ActiveCfg = Release|x86
		{9D7FF5EA-20D9-40E3-9704-E3E7B5E2DC25}.Release|x86.Build.0 = Release|x86
		{506C08F4-458D-4D7E-A976-848BE754EB16}.Ad-Hoc|Any CPU.ActiveCfg = Release|Any CPU
		{506C08F4-458D-4D7E-A976-848BE754EB16}.Ad-Hoc|Any CPU.Build.0 = Release|Any CPU
		{506C08F4-458D-4D7E-A976-848BE754EB16}.Ad-Hoc|Any CPU.Deploy.0 = Release|Any CPU
		{506C08F4-458D-4D7E-A976-848BE754EB16}.Ad-Hoc|ARM.ActiveCfg = Release|Any CPU
		{506C08F4-458D-4D7E-A976-848BE754EB16}.Ad-Hoc|ARM.Build.0 = Release|Any CPU
		{506C08F4-458D-4D7E-A976-848BE754EB16}.Ad-Hoc|ARM.Deploy.0 = Release|Any CPU
		{506C08F4-458D-4D7E-A976-848BE754EB16}.Ad-Hoc|iPhone.ActiveCfg = Release|Any CPU
		{506C08F4-458D-4D7E-A976-848BE754EB16}.Ad-Hoc|iPhone.Build.0 = Release|Any CPU
		{506C08F4-458D-4D7E-A976-848BE754EB16}.Ad-Hoc|iPhone.Deploy.0 = Release|Any CPU
		{506C08F4-458D-4D7E-A976-848BE754EB16}.Ad-Hoc|iPhoneSimulator.ActiveCfg = Release|Any CPU
		{506C08F4-458D-4D7E-A976-848BE754EB16}.Ad-Hoc|iPhoneSimulator.Build.0 = Release|Any CPU
		{506C08F4-458D-4D7E-A976-848BE754EB16}.Ad-Hoc|iPhoneSimulator.Deploy.0 = Release|Any CPU
		{506C08F4-458D-4D7E-A976-848BE754EB16}.Ad-Hoc|x64.ActiveCfg = Release|Any CPU
		{506C08F4-458D-4D7E-A976-848BE754EB16}.Ad-Hoc|x64.Build.0 = Release|Any CPU
		{506C08F4-458D-4D7E-A976-848BE754EB16}.Ad-Hoc|x64.Deploy.0 = Release|Any CPU
		{506C08F4-458D-4D7E-A976-848BE754EB16}.Ad-Hoc|x86.ActiveCfg = Release|Any CPU
		{506C08F4-458D-4D7E-A976-848BE754EB16}.Ad-Hoc|x86.Build.0 = Release|Any CPU
		{506C08F4-458D-4D7E-A976-848BE754EB16}.Ad-Hoc|x86.Deploy.0 = Release|Any CPU
		{506C08F4-458D-4D7E-A976-848BE754EB16}.AppStore|Any CPU.ActiveCfg = Release|Any CPU
		{506C08F4-458D-4D7E-A976-848BE754EB16}.AppStore|Any CPU.Build.0 = Release|Any CPU
		{506C08F4-458D-4D7E-A976-848BE754EB16}.AppStore|Any CPU.Deploy.0 = Release|Any CPU
		{506C08F4-458D-4D7E-A976-848BE754EB16}.AppStore|ARM.ActiveCfg = Release|Any CPU
		{506C08F4-458D-4D7E-A976-848BE754EB16}.AppStore|ARM.Build.0 = Release|Any CPU
		{506C08F4-458D-4D7E-A976-848BE754EB16}.AppStore|ARM.Deploy.0 = Release|Any CPU
		{506C08F4-458D-4D7E-A976-848BE754EB16}.AppStore|iPhone.ActiveCfg = Release|Any CPU
		{506C08F4-458D-4D7E-A976-848BE754EB16}.AppStore|iPhone.Build.0 = Release|Any CPU
		{506C08F4-458D-4D7E-A976-848BE754EB16}.AppStore|iPhone.Deploy.0 = Release|Any CPU
		{506C08F4-458D-4D7E-A976-848BE754EB16}.AppStore|iPhoneSimulator.ActiveCfg = Release|Any CPU
		{506C08F4-458D-4D7E-A976-848BE754EB16}.AppStore|iPhoneSimulator.Build.0 = Release|Any CPU
		{506C08F4-458D-4D7E-A976-848BE754EB16}.AppStore|iPhoneSimulator.Deploy.0 = Release|Any CPU
		{506C08F4-458D-4D7E-A976-848BE754EB16}.AppStore|x64.ActiveCfg = Release|Any CPU
		{506C08F4-458D-4D7E-A976-848BE754EB16}.AppStore|x64.Build.0 = Release|Any CPU
		{506C08F4-458D-4D7E-A976-848BE754EB16}.AppStore|x64.Deploy.0 = Release|Any CPU
		{506C08F4-458D-4D7E-A976-848BE754EB16}.AppStore|x86.ActiveCfg = Release|Any CPU
		{506C08F4-458D-4D7E-A976-848BE754EB16}.AppStore|x86.Build.0 = Release|Any CPU
		{506C08F4-458D-4D7E-A976-848BE754EB16}.AppStore|x86.Deploy.0 = Release|Any CPU
		{506C08F4-458D-4D7E-A976-848BE754EB16}.Debug|Any CPU.ActiveCfg = Debug|Any CPU
		{506C08F4-458D-4D7E-A976-848BE754EB16}.Debug|Any CPU.Build.0 = Debug|Any CPU
		{506C08F4-458D-4D7E-A976-848BE754EB16}.Debug|Any CPU.Deploy.0 = Debug|Any CPU
		{506C08F4-458D-4D7E-A976-848BE754EB16}.Debug|ARM.ActiveCfg = Debug|Any CPU
		{506C08F4-458D-4D7E-A976-848BE754EB16}.Debug|ARM.Build.0 = Debug|Any CPU
		{506C08F4-458D-4D7E-A976-848BE754EB16}.Debug|ARM.Deploy.0 = Debug|Any CPU
		{506C08F4-458D-4D7E-A976-848BE754EB16}.Debug|iPhone.ActiveCfg = Debug|Any CPU
		{506C08F4-458D-4D7E-A976-848BE754EB16}.Debug|iPhone.Build.0 = Debug|Any CPU
		{506C08F4-458D-4D7E-A976-848BE754EB16}.Debug|iPhone.Deploy.0 = Debug|Any CPU
		{506C08F4-458D-4D7E-A976-848BE754EB16}.Debug|iPhoneSimulator.ActiveCfg = Debug|Any CPU
		{506C08F4-458D-4D7E-A976-848BE754EB16}.Debug|iPhoneSimulator.Build.0 = Debug|Any CPU
		{506C08F4-458D-4D7E-A976-848BE754EB16}.Debug|iPhoneSimulator.Deploy.0 = Debug|Any CPU
		{506C08F4-458D-4D7E-A976-848BE754EB16}.Debug|x64.ActiveCfg = Debug|Any CPU
		{506C08F4-458D-4D7E-A976-848BE754EB16}.Debug|x64.Build.0 = Debug|Any CPU
		{506C08F4-458D-4D7E-A976-848BE754EB16}.Debug|x64.Deploy.0 = Debug|Any CPU
		{506C08F4-458D-4D7E-A976-848BE754EB16}.Debug|x86.ActiveCfg = Debug|Any CPU
		{506C08F4-458D-4D7E-A976-848BE754EB16}.Debug|x86.Build.0 = Debug|Any CPU
		{506C08F4-458D-4D7E-A976-848BE754EB16}.Debug|x86.Deploy.0 = Debug|Any CPU
		{506C08F4-458D-4D7E-A976-848BE754EB16}.Release|Any CPU.ActiveCfg = Release|Any CPU
		{506C08F4-458D-4D7E-A976-848BE754EB16}.Release|Any CPU.Build.0 = Release|Any CPU
		{506C08F4-458D-4D7E-A976-848BE754EB16}.Release|Any CPU.Deploy.0 = Release|Any CPU
		{506C08F4-458D-4D7E-A976-848BE754EB16}.Release|ARM.ActiveCfg = Release|Any CPU
		{506C08F4-458D-4D7E-A976-848BE754EB16}.Release|ARM.Build.0 = Release|Any CPU
		{506C08F4-458D-4D7E-A976-848BE754EB16}.Release|ARM.Deploy.0 = Release|Any CPU
		{506C08F4-458D-4D7E-A976-848BE754EB16}.Release|iPhone.ActiveCfg = Release|Any CPU
		{506C08F4-458D-4D7E-A976-848BE754EB16}.Release|iPhone.Build.0 = Release|Any CPU
		{506C08F4-458D-4D7E-A976-848BE754EB16}.Release|iPhone.Deploy.0 = Release|Any CPU
		{506C08F4-458D-4D7E-A976-848BE754EB16}.Release|iPhoneSimulator.ActiveCfg = Release|Any CPU
		{506C08F4-458D-4D7E-A976-848BE754EB16}.Release|iPhoneSimulator.Build.0 = Release|Any CPU
		{506C08F4-458D-4D7E-A976-848BE754EB16}.Release|iPhoneSimulator.Deploy.0 = Release|Any CPU
		{506C08F4-458D-4D7E-A976-848BE754EB16}.Release|x64.ActiveCfg = Release|Any CPU
		{506C08F4-458D-4D7E-A976-848BE754EB16}.Release|x64.Build.0 = Release|Any CPU
		{506C08F4-458D-4D7E-A976-848BE754EB16}.Release|x64.Deploy.0 = Release|Any CPU
		{506C08F4-458D-4D7E-A976-848BE754EB16}.Release|x86.ActiveCfg = Release|Any CPU
		{506C08F4-458D-4D7E-A976-848BE754EB16}.Release|x86.Build.0 = Release|Any CPU
		{506C08F4-458D-4D7E-A976-848BE754EB16}.Release|x86.Deploy.0 = Release|Any CPU
		{44812084-8C04-4489-909F-669DA044B235}.Ad-Hoc|Any CPU.ActiveCfg = Ad-Hoc|iPhone
		{44812084-8C04-4489-909F-669DA044B235}.Ad-Hoc|ARM.ActiveCfg = Ad-Hoc|iPhone
		{44812084-8C04-4489-909F-669DA044B235}.Ad-Hoc|iPhone.ActiveCfg = Ad-Hoc|iPhone
		{44812084-8C04-4489-909F-669DA044B235}.Ad-Hoc|iPhone.Build.0 = Ad-Hoc|iPhone
		{44812084-8C04-4489-909F-669DA044B235}.Ad-Hoc|iPhoneSimulator.ActiveCfg = Ad-Hoc|iPhoneSimulator
		{44812084-8C04-4489-909F-669DA044B235}.Ad-Hoc|iPhoneSimulator.Build.0 = Ad-Hoc|iPhoneSimulator
		{44812084-8C04-4489-909F-669DA044B235}.Ad-Hoc|x64.ActiveCfg = Ad-Hoc|iPhone
		{44812084-8C04-4489-909F-669DA044B235}.Ad-Hoc|x86.ActiveCfg = Ad-Hoc|iPhone
		{44812084-8C04-4489-909F-669DA044B235}.AppStore|Any CPU.ActiveCfg = AppStore|iPhone
		{44812084-8C04-4489-909F-669DA044B235}.AppStore|ARM.ActiveCfg = AppStore|iPhone
		{44812084-8C04-4489-909F-669DA044B235}.AppStore|iPhone.ActiveCfg = AppStore|iPhone
		{44812084-8C04-4489-909F-669DA044B235}.AppStore|iPhone.Build.0 = AppStore|iPhone
		{44812084-8C04-4489-909F-669DA044B235}.AppStore|iPhoneSimulator.ActiveCfg = AppStore|iPhoneSimulator
		{44812084-8C04-4489-909F-669DA044B235}.AppStore|iPhoneSimulator.Build.0 = AppStore|iPhoneSimulator
		{44812084-8C04-4489-909F-669DA044B235}.AppStore|x64.ActiveCfg = AppStore|iPhone
		{44812084-8C04-4489-909F-669DA044B235}.AppStore|x86.ActiveCfg = AppStore|iPhone
		{44812084-8C04-4489-909F-669DA044B235}.Debug|Any CPU.ActiveCfg = Debug|iPhone
		{44812084-8C04-4489-909F-669DA044B235}.Debug|ARM.ActiveCfg = Debug|iPhone
		{44812084-8C04-4489-909F-669DA044B235}.Debug|iPhone.ActiveCfg = Debug|iPhone
		{44812084-8C04-4489-909F-669DA044B235}.Debug|iPhone.Build.0 = Debug|iPhone
		{44812084-8C04-4489-909F-669DA044B235}.Debug|iPhoneSimulator.ActiveCfg = Debug|iPhoneSimulator
		{44812084-8C04-4489-909F-669DA044B235}.Debug|iPhoneSimulator.Build.0 = Debug|iPhoneSimulator
		{44812084-8C04-4489-909F-669DA044B235}.Debug|x64.ActiveCfg = Debug|iPhone
		{44812084-8C04-4489-909F-669DA044B235}.Debug|x86.ActiveCfg = Debug|iPhone
		{44812084-8C04-4489-909F-669DA044B235}.Release|Any CPU.ActiveCfg = Release|iPhone
		{44812084-8C04-4489-909F-669DA044B235}.Release|ARM.ActiveCfg = Release|iPhone
		{44812084-8C04-4489-909F-669DA044B235}.Release|iPhone.ActiveCfg = Release|iPhone
		{44812084-8C04-4489-909F-669DA044B235}.Release|iPhone.Build.0 = Release|iPhone
		{44812084-8C04-4489-909F-669DA044B235}.Release|iPhoneSimulator.ActiveCfg = Release|iPhoneSimulator
		{44812084-8C04-4489-909F-669DA044B235}.Release|iPhoneSimulator.Build.0 = Release|iPhoneSimulator
		{44812084-8C04-4489-909F-669DA044B235}.Release|x64.ActiveCfg = Release|iPhone
		{44812084-8C04-4489-909F-669DA044B235}.Release|x86.ActiveCfg = Release|iPhone
		{96BF4295-9F76-445A-81ED-0EC4868AC460}.Ad-Hoc|Any CPU.ActiveCfg = Release|x86
		{96BF4295-9F76-445A-81ED-0EC4868AC460}.Ad-Hoc|Any CPU.Build.0 = Release|x86
		{96BF4295-9F76-445A-81ED-0EC4868AC460}.Ad-Hoc|Any CPU.Deploy.0 = Release|x86
		{96BF4295-9F76-445A-81ED-0EC4868AC460}.Ad-Hoc|ARM.ActiveCfg = Release|ARM
		{96BF4295-9F76-445A-81ED-0EC4868AC460}.Ad-Hoc|ARM.Build.0 = Release|ARM
		{96BF4295-9F76-445A-81ED-0EC4868AC460}.Ad-Hoc|ARM.Deploy.0 = Release|ARM
		{96BF4295-9F76-445A-81ED-0EC4868AC460}.Ad-Hoc|iPhone.ActiveCfg = Release|x86
		{96BF4295-9F76-445A-81ED-0EC4868AC460}.Ad-Hoc|iPhone.Build.0 = Release|x86
		{96BF4295-9F76-445A-81ED-0EC4868AC460}.Ad-Hoc|iPhone.Deploy.0 = Release|x86
		{96BF4295-9F76-445A-81ED-0EC4868AC460}.Ad-Hoc|iPhoneSimulator.ActiveCfg = Release|x86
		{96BF4295-9F76-445A-81ED-0EC4868AC460}.Ad-Hoc|iPhoneSimulator.Build.0 = Release|x86
		{96BF4295-9F76-445A-81ED-0EC4868AC460}.Ad-Hoc|iPhoneSimulator.Deploy.0 = Release|x86
		{96BF4295-9F76-445A-81ED-0EC4868AC460}.Ad-Hoc|x64.ActiveCfg = Release|x64
		{96BF4295-9F76-445A-81ED-0EC4868AC460}.Ad-Hoc|x64.Build.0 = Release|x64
		{96BF4295-9F76-445A-81ED-0EC4868AC460}.Ad-Hoc|x64.Deploy.0 = Release|x64
		{96BF4295-9F76-445A-81ED-0EC4868AC460}.Ad-Hoc|x86.ActiveCfg = Release|x86
		{96BF4295-9F76-445A-81ED-0EC4868AC460}.Ad-Hoc|x86.Build.0 = Release|x86
		{96BF4295-9F76-445A-81ED-0EC4868AC460}.Ad-Hoc|x86.Deploy.0 = Release|x86
		{96BF4295-9F76-445A-81ED-0EC4868AC460}.AppStore|Any CPU.ActiveCfg = Release|x86
		{96BF4295-9F76-445A-81ED-0EC4868AC460}.AppStore|Any CPU.Build.0 = Release|x86
		{96BF4295-9F76-445A-81ED-0EC4868AC460}.AppStore|Any CPU.Deploy.0 = Release|x86
		{96BF4295-9F76-445A-81ED-0EC4868AC460}.AppStore|ARM.ActiveCfg = Release|ARM
		{96BF4295-9F76-445A-81ED-0EC4868AC460}.AppStore|ARM.Build.0 = Release|ARM
		{96BF4295-9F76-445A-81ED-0EC4868AC460}.AppStore|ARM.Deploy.0 = Release|ARM
		{96BF4295-9F76-445A-81ED-0EC4868AC460}.AppStore|iPhone.ActiveCfg = Release|x86
		{96BF4295-9F76-445A-81ED-0EC4868AC460}.AppStore|iPhone.Build.0 = Release|x86
		{96BF4295-9F76-445A-81ED-0EC4868AC460}.AppStore|iPhone.Deploy.0 = Release|x86
		{96BF4295-9F76-445A-81ED-0EC4868AC460}.AppStore|iPhoneSimulator.ActiveCfg = Release|x86
		{96BF4295-9F76-445A-81ED-0EC4868AC460}.AppStore|iPhoneSimulator.Build.0 = Release|x86
		{96BF4295-9F76-445A-81ED-0EC4868AC460}.AppStore|iPhoneSimulator.Deploy.0 = Release|x86
		{96BF4295-9F76-445A-81ED-0EC4868AC460}.AppStore|x64.ActiveCfg = Release|x64
		{96BF4295-9F76-445A-81ED-0EC4868AC460}.AppStore|x64.Build.0 = Release|x64
		{96BF4295-9F76-445A-81ED-0EC4868AC460}.AppStore|x64.Deploy.0 = Release|x64
		{96BF4295-9F76-445A-81ED-0EC4868AC460}.AppStore|x86.ActiveCfg = Release|x86
		{96BF4295-9F76-445A-81ED-0EC4868AC460}.AppStore|x86.Build.0 = Release|x86
		{96BF4295-9F76-445A-81ED-0EC4868AC460}.AppStore|x86.Deploy.0 = Release|x86
		{96BF4295-9F76-445A-81ED-0EC4868AC460}.Debug|Any CPU.ActiveCfg = Debug|x86
		{96BF4295-9F76-445A-81ED-0EC4868AC460}.Debug|ARM.ActiveCfg = Debug|ARM
		{96BF4295-9F76-445A-81ED-0EC4868AC460}.Debug|ARM.Build.0 = Debug|ARM
		{96BF4295-9F76-445A-81ED-0EC4868AC460}.Debug|ARM.Deploy.0 = Debug|ARM
		{96BF4295-9F76-445A-81ED-0EC4868AC460}.Debug|iPhone.ActiveCfg = Debug|x86
		{96BF4295-9F76-445A-81ED-0EC4868AC460}.Debug|iPhoneSimulator.ActiveCfg = Debug|x86
		{96BF4295-9F76-445A-81ED-0EC4868AC460}.Debug|x64.ActiveCfg = Debug|x64
		{96BF4295-9F76-445A-81ED-0EC4868AC460}.Debug|x64.Build.0 = Debug|x64
		{96BF4295-9F76-445A-81ED-0EC4868AC460}.Debug|x64.Deploy.0 = Debug|x64
		{96BF4295-9F76-445A-81ED-0EC4868AC460}.Debug|x86.ActiveCfg = Debug|x86
		{96BF4295-9F76-445A-81ED-0EC4868AC460}.Debug|x86.Build.0 = Debug|x86
		{96BF4295-9F76-445A-81ED-0EC4868AC460}.Debug|x86.Deploy.0 = Debug|x86
		{96BF4295-9F76-445A-81ED-0EC4868AC460}.Release|Any CPU.ActiveCfg = Release|x86
		{96BF4295-9F76-445A-81ED-0EC4868AC460}.Release|ARM.ActiveCfg = Release|ARM
		{96BF4295-9F76-445A-81ED-0EC4868AC460}.Release|ARM.Build.0 = Release|ARM
		{96BF4295-9F76-445A-81ED-0EC4868AC460}.Release|ARM.Deploy.0 = Release|ARM
		{96BF4295-9F76-445A-81ED-0EC4868AC460}.Release|iPhone.ActiveCfg = Release|x86
		{96BF4295-9F76-445A-81ED-0EC4868AC460}.Release|iPhoneSimulator.ActiveCfg = Release|x86
		{96BF4295-9F76-445A-81ED-0EC4868AC460}.Release|x64.ActiveCfg = Release|x64
		{96BF4295-9F76-445A-81ED-0EC4868AC460}.Release|x64.Build.0 = Release|x64
		{96BF4295-9F76-445A-81ED-0EC4868AC460}.Release|x64.Deploy.0 = Release|x64
		{96BF4295-9F76-445A-81ED-0EC4868AC460}.Release|x86.ActiveCfg = Release|x86
		{96BF4295-9F76-445A-81ED-0EC4868AC460}.Release|x86.Build.0 = Release|x86
		{96BF4295-9F76-445A-81ED-0EC4868AC460}.Release|x86.Deploy.0 = Release|x86
		{5F1F575A-BF0E-4A12-ACD4-5CF4D540D588}.Ad-Hoc|Any CPU.ActiveCfg = Debug|Any CPU
		{5F1F575A-BF0E-4A12-ACD4-5CF4D540D588}.Ad-Hoc|Any CPU.Build.0 = Debug|Any CPU
		{5F1F575A-BF0E-4A12-ACD4-5CF4D540D588}.Ad-Hoc|ARM.ActiveCfg = Debug|Any CPU
		{5F1F575A-BF0E-4A12-ACD4-5CF4D540D588}.Ad-Hoc|ARM.Build.0 = Debug|Any CPU
		{5F1F575A-BF0E-4A12-ACD4-5CF4D540D588}.Ad-Hoc|iPhone.ActiveCfg = Debug|Any CPU
		{5F1F575A-BF0E-4A12-ACD4-5CF4D540D588}.Ad-Hoc|iPhone.Build.0 = Debug|Any CPU
		{5F1F575A-BF0E-4A12-ACD4-5CF4D540D588}.Ad-Hoc|iPhoneSimulator.ActiveCfg = Debug|Any CPU
		{5F1F575A-BF0E-4A12-ACD4-5CF4D540D588}.Ad-Hoc|iPhoneSimulator.Build.0 = Debug|Any CPU
		{5F1F575A-BF0E-4A12-ACD4-5CF4D540D588}.Ad-Hoc|x64.ActiveCfg = Debug|Any CPU
		{5F1F575A-BF0E-4A12-ACD4-5CF4D540D588}.Ad-Hoc|x64.Build.0 = Debug|Any CPU
		{5F1F575A-BF0E-4A12-ACD4-5CF4D540D588}.Ad-Hoc|x86.ActiveCfg = Debug|Any CPU
		{5F1F575A-BF0E-4A12-ACD4-5CF4D540D588}.Ad-Hoc|x86.Build.0 = Debug|Any CPU
		{5F1F575A-BF0E-4A12-ACD4-5CF4D540D588}.AppStore|Any CPU.ActiveCfg = Debug|Any CPU
		{5F1F575A-BF0E-4A12-ACD4-5CF4D540D588}.AppStore|Any CPU.Build.0 = Debug|Any CPU
		{5F1F575A-BF0E-4A12-ACD4-5CF4D540D588}.AppStore|ARM.ActiveCfg = Debug|Any CPU
		{5F1F575A-BF0E-4A12-ACD4-5CF4D540D588}.AppStore|ARM.Build.0 = Debug|Any CPU
		{5F1F575A-BF0E-4A12-ACD4-5CF4D540D588}.AppStore|iPhone.ActiveCfg = Debug|Any CPU
		{5F1F575A-BF0E-4A12-ACD4-5CF4D540D588}.AppStore|iPhone.Build.0 = Debug|Any CPU
		{5F1F575A-BF0E-4A12-ACD4-5CF4D540D588}.AppStore|iPhoneSimulator.ActiveCfg = Debug|Any CPU
		{5F1F575A-BF0E-4A12-ACD4-5CF4D540D588}.AppStore|iPhoneSimulator.Build.0 = Debug|Any CPU
		{5F1F575A-BF0E-4A12-ACD4-5CF4D540D588}.AppStore|x64.ActiveCfg = Debug|Any CPU
		{5F1F575A-BF0E-4A12-ACD4-5CF4D540D588}.AppStore|x64.Build.0 = Debug|Any CPU
		{5F1F575A-BF0E-4A12-ACD4-5CF4D540D588}.AppStore|x86.ActiveCfg = Debug|Any CPU
		{5F1F575A-BF0E-4A12-ACD4-5CF4D540D588}.AppStore|x86.Build.0 = Debug|Any CPU
		{5F1F575A-BF0E-4A12-ACD4-5CF4D540D588}.Debug|Any CPU.ActiveCfg = Debug|Any CPU
		{5F1F575A-BF0E-4A12-ACD4-5CF4D540D588}.Debug|Any CPU.Build.0 = Debug|Any CPU
		{5F1F575A-BF0E-4A12-ACD4-5CF4D540D588}.Debug|ARM.ActiveCfg = Debug|Any CPU
		{5F1F575A-BF0E-4A12-ACD4-5CF4D540D588}.Debug|ARM.Build.0 = Debug|Any CPU
		{5F1F575A-BF0E-4A12-ACD4-5CF4D540D588}.Debug|iPhone.ActiveCfg = Debug|Any CPU
		{5F1F575A-BF0E-4A12-ACD4-5CF4D540D588}.Debug|iPhone.Build.0 = Debug|Any CPU
		{5F1F575A-BF0E-4A12-ACD4-5CF4D540D588}.Debug|iPhoneSimulator.ActiveCfg = Debug|Any CPU
		{5F1F575A-BF0E-4A12-ACD4-5CF4D540D588}.Debug|iPhoneSimulator.Build.0 = Debug|Any CPU
		{5F1F575A-BF0E-4A12-ACD4-5CF4D540D588}.Debug|x64.ActiveCfg = Debug|Any CPU
		{5F1F575A-BF0E-4A12-ACD4-5CF4D540D588}.Debug|x64.Build.0 = Debug|Any CPU
		{5F1F575A-BF0E-4A12-ACD4-5CF4D540D588}.Debug|x86.ActiveCfg = Debug|Any CPU
		{5F1F575A-BF0E-4A12-ACD4-5CF4D540D588}.Debug|x86.Build.0 = Debug|Any CPU
		{5F1F575A-BF0E-4A12-ACD4-5CF4D540D588}.Release|Any CPU.ActiveCfg = Release|Any CPU
		{5F1F575A-BF0E-4A12-ACD4-5CF4D540D588}.Release|Any CPU.Build.0 = Release|Any CPU
		{5F1F575A-BF0E-4A12-ACD4-5CF4D540D588}.Release|ARM.ActiveCfg = Release|Any CPU
		{5F1F575A-BF0E-4A12-ACD4-5CF4D540D588}.Release|ARM.Build.0 = Release|Any CPU
		{5F1F575A-BF0E-4A12-ACD4-5CF4D540D588}.Release|iPhone.ActiveCfg = Release|Any CPU
		{5F1F575A-BF0E-4A12-ACD4-5CF4D540D588}.Release|iPhone.Build.0 = Release|Any CPU
		{5F1F575A-BF0E-4A12-ACD4-5CF4D540D588}.Release|iPhoneSimulator.ActiveCfg = Release|Any CPU
		{5F1F575A-BF0E-4A12-ACD4-5CF4D540D588}.Release|iPhoneSimulator.Build.0 = Release|Any CPU
		{5F1F575A-BF0E-4A12-ACD4-5CF4D540D588}.Release|x64.ActiveCfg = Release|Any CPU
		{5F1F575A-BF0E-4A12-ACD4-5CF4D540D588}.Release|x64.Build.0 = Release|Any CPU
		{5F1F575A-BF0E-4A12-ACD4-5CF4D540D588}.Release|x86.ActiveCfg = Release|Any CPU
		{5F1F575A-BF0E-4A12-ACD4-5CF4D540D588}.Release|x86.Build.0 = Release|Any CPU
	EndGlobalSection
	GlobalSection(SolutionProperties) = preSolution
		HideSolutionNode = FALSE
	EndGlobalSection
	GlobalSection(ExtensibilityGlobals) = postSolution
		SolutionGuid = {AED38DAD-C662-4F06-A6A7-08DB70FBFC85}
	EndGlobalSection
EndGlobal
